
Microsoft Visual Studio Solution File, Format Version 12.00
# Visual Studio Version 17
VisualStudioVersion = 17.13.35931.197 d17.13
MinimumVisualStudioVersion = 10.0.40219.1
Project("{FAE04EC0-301F-11D3-BF4B-00C04F79EFBC}") = "ProjetoAG10", "ProjetoAG10\ProjetoAG10.csproj", "{619C1ED7-1F6A-4104-948A-61D8066E8C1B}"
EndProject
Global
	GlobalSection(SolutionConfigurationPlatforms) = preSolution
		Debug|Any CPU = Debug|Any CPU
		Release|Any CPU = Release|Any CPU
	EndGlobalSection
	GlobalSection(ProjectConfigurationPlatforms) = postSolution
		{619C1ED7-1F6A-4104-948A-61D8066E8C1B}.Debug|Any CPU.ActiveCfg = Debug|Any CPU
		{619C1ED7-1F6A-4104-948A-61D8066E8C1B}.Debug|Any CPU.Build.0 = Debug|Any CPU
		{619C1ED7-1F6A-4104-948A-61D8066E8C1B}.Debug|Any CPU.Deploy.0 = Debug|Any CPU
		{619C1ED7-1F6A-4104-948A-61D8066E8C1B}.Release|Any CPU.ActiveCfg = Release|Any CPU
		{619C1ED7-1F6A-4104-948A-61D8066E8C1B}.Release|Any CPU.Build.0 = Release|Any CPU
		{619C1ED7-1F6A-4104-948A-61D8066E8C1B}.Release|Any CPU.Deploy.0 = Release|Any CPU
	EndGlobalSection
	GlobalSection(SolutionProperties) = preSolution
		HideSolutionNode = FALSE
	EndGlobalSection
	GlobalSection(ExtensibilityGlobals) = postSolution
		SolutionGuid = {D299CF16-ADF1-4978-8736-3F22C61165B9}
	EndGlobalSection
EndGlobal
